
Microsoft Visual Studio Solution File, Format Version 12.00
# Visual Studio Version 16
VisualStudioVersion = 16.0.32428.217
MinimumVisualStudioVersion = 10.0.40219.1
Project("{FAE04EC0-301F-11D3-BF4B-00C04F79EFBC}") = "projectest", "projectest.csproj", "{88DB1AA6-DB40-46D4-8BDF-079B66393293}"
EndProject
Global
	GlobalSection(SolutionConfigurationPlatforms) = preSolution
		Debug|Any CPU = Debug|Any CPU
		Release|Any CPU = Release|Any CPU
	EndGlobalSection
	GlobalSection(ProjectConfigurationPlatforms) = postSolution
		{88DB1AA6-DB40-46D4-8BDF-079B66393293}.Debug|Any CPU.ActiveCfg = Debug|Any CPU
		{88DB1AA6-DB40-46D4-8BDF-079B66393293}.Debug|Any CPU.Build.0 = Debug|Any CPU
		{88DB1AA6-DB40-46D4-8BDF-079B66393293}.Release|Any CPU.ActiveCfg = Release|Any CPU
		{88DB1AA6-DB40-46D4-8BDF-079B66393293}.Release|Any CPU.Build.0 = Release|Any CPU
	EndGlobalSection
	GlobalSection(SolutionProperties) = preSolution
		HideSolutionNode = FALSE
	EndGlobalSection
	GlobalSection(ExtensibilityGlobals) = postSolution
		SolutionGuid = {BF3F5A19-55DD-43F4-9EE0-0EC0E2691184}
	EndGlobalSection
EndGlobal
